
Microsoft Visual Studio Solution File, Format Version 12.00
# Visual Studio Version 16
VisualStudioVersion = 16.0.32228.547
MinimumVisualStudioVersion = 10.0.40219.1
Project("{FAE04EC0-301F-11D3-BF4B-00C04F79EFBC}") = "static binding compiler time P2", "static binding compiler time P2\static binding compiler time P2.csproj", "{8EC0ADFB-036E-416F-82F6-53F17B39288D}"
EndProject
Global
	GlobalSection(SolutionConfigurationPlatforms) = preSolution
		Debug|Any CPU = Debug|Any CPU
		Release|Any CPU = Release|Any CPU
	EndGlobalSection
	GlobalSection(ProjectConfigurationPlatforms) = postSolution
		{8EC0ADFB-036E-416F-82F6-53F17B39288D}.Debug|Any CPU.ActiveCfg = Debug|Any CPU
		{8EC0ADFB-036E-416F-82F6-53F17B39288D}.Debug|Any CPU.Build.0 = Debug|Any CPU
		{8EC0ADFB-036E-416F-82F6-53F17B39288D}.Release|Any CPU.ActiveCfg = Release|Any CPU
		{8EC0ADFB-036E-416F-82F6-53F17B39288D}.Release|Any CPU.Build.0 = Release|Any CPU
	EndGlobalSection
	GlobalSection(SolutionProperties) = preSolution
		HideSolutionNode = FALSE
	EndGlobalSection
	GlobalSection(ExtensibilityGlobals) = postSolution
		SolutionGuid = {145FBB2D-2C85-4D79-8FB5-96F19F4AFC6D}
	EndGlobalSection
EndGlobal
